
Microsoft Visual Studio Solution File, Format Version 11.00
# Visual Studio 2010
Project("{FAE04EC0-301F-11D3-BF4B-00C04F79EFBC}") = "Diplom", "Diplom\Diplom.csproj", "{B6993CF7-BF13-4DA8-8632-02CB812AAD33}"
EndProject
Project("{FAE04EC0-301F-11D3-BF4B-00C04F79EFBC}") = "Tests", "Tests\Tests.csproj", "{F769B206-07C2-4FD1-9BEE-A122150D0022}"
EndProject
Project("{FAE04EC0-301F-11D3-BF4B-00C04F79EFBC}") = "Infrastructure", "Infrastructure\Infrastructure.csproj", "{6378AEA9-BFAA-4F7A-BC99-FF2092BE2100}"
EndProject
Project("{FAE04EC0-301F-11D3-BF4B-00C04F79EFBC}") = "Domain.ViewModel", "Domain.ViewModel\Domain.ViewModel.csproj", "{023342D6-E993-491C-B322-AA2BD2FE1014}"
EndProject
Project("{FAE04EC0-301F-11D3-BF4B-00C04F79EFBC}") = "Domain", "Domain\Domain.csproj", "{1CE250FE-3CA0-4AB8-AEE1-62AC22471062}"
EndProject
Project("{FAE04EC0-301F-11D3-BF4B-00C04F79EFBC}") = "Domain.CommandHandlers", "Domain.CommandHandlers\Domain.CommandHandlers.csproj", "{0A1872DF-D101-4D5A-8EA1-41FEF9700D63}"
EndProject
Project("{FAE04EC0-301F-11D3-BF4B-00C04F79EFBC}") = "Domain.Commands", "Domain.Commands\Domain.Commands.csproj", "{0EF90729-1B96-4836-A829-D03163A2A906}"
EndProject
Project("{FAE04EC0-301F-11D3-BF4B-00C04F79EFBC}") = "Domain.PersistenceHandlers", "Domain.PersistenceHandlers\Domain.PersistenceHandlers.csproj", "{20102731-1D75-4952-8BC2-4008FCEF41B6}"
EndProject
Project("{FAE04EC0-301F-11D3-BF4B-00C04F79EFBC}") = "Domain.Events", "Domain.Events\Domain.Events.csproj", "{80835D3C-E847-4EF1-88F0-D3723536B4DC}"
EndProject
Global
	GlobalSection(SolutionConfigurationPlatforms) = preSolution
		Debug|Any CPU = Debug|Any CPU
		Release|Any CPU = Release|Any CPU
	EndGlobalSection
	GlobalSection(ProjectConfigurationPlatforms) = postSolution
		{B6993CF7-BF13-4DA8-8632-02CB812AAD33}.Debug|Any CPU.ActiveCfg = Debug|Any CPU
		{B6993CF7-BF13-4DA8-8632-02CB812AAD33}.Debug|Any CPU.Build.0 = Debug|Any CPU
		{B6993CF7-BF13-4DA8-8632-02CB812AAD33}.Release|Any CPU.ActiveCfg = Release|Any CPU
		{B6993CF7-BF13-4DA8-8632-02CB812AAD33}.Release|Any CPU.Build.0 = Release|Any CPU
		{F769B206-07C2-4FD1-9BEE-A122150D0022}.Debug|Any CPU.ActiveCfg = Debug|Any CPU
		{F769B206-07C2-4FD1-9BEE-A122150D0022}.Debug|Any CPU.Build.0 = Debug|Any CPU
		{F769B206-07C2-4FD1-9BEE-A122150D0022}.Release|Any CPU.ActiveCfg = Release|Any CPU
		{F769B206-07C2-4FD1-9BEE-A122150D0022}.Release|Any CPU.Build.0 = Release|Any CPU
		{6378AEA9-BFAA-4F7A-BC99-FF2092BE2100}.Debug|Any CPU.ActiveCfg = Debug|Any CPU
		{6378AEA9-BFAA-4F7A-BC99-FF2092BE2100}.Debug|Any CPU.Build.0 = Debug|Any CPU
		{6378AEA9-BFAA-4F7A-BC99-FF2092BE2100}.Release|Any CPU.ActiveCfg = Release|Any CPU
		{6378AEA9-BFAA-4F7A-BC99-FF2092BE2100}.Release|Any CPU.Build.0 = Release|Any CPU
		{023342D6-E993-491C-B322-AA2BD2FE1014}.Debug|Any CPU.ActiveCfg = Debug|Any CPU
		{023342D6-E993-491C-B322-AA2BD2FE1014}.Debug|Any CPU.Build.0 = Debug|Any CPU
		{023342D6-E993-491C-B322-AA2BD2FE1014}.Release|Any CPU.ActiveCfg = Release|Any CPU
		{023342D6-E993-491C-B322-AA2BD2FE1014}.Release|Any CPU.Build.0 = Release|Any CPU
		{1CE250FE-3CA0-4AB8-AEE1-62AC22471062}.Debug|Any CPU.ActiveCfg = Debug|Any CPU
		{1CE250FE-3CA0-4AB8-AEE1-62AC22471062}.Debug|Any CPU.Build.0 = Debug|Any CPU
		{1CE250FE-3CA0-4AB8-AEE1-62AC22471062}.Release|Any CPU.ActiveCfg = Release|Any CPU
		{1CE250FE-3CA0-4AB8-AEE1-62AC22471062}.Release|Any CPU.Build.0 = Release|Any CPU
		{0A1872DF-D101-4D5A-8EA1-41FEF9700D63}.Debug|Any CPU.ActiveCfg = Debug|Any CPU
		{0A1872DF-D101-4D5A-8EA1-41FEF9700D63}.Debug|Any CPU.Build.0 = Debug|Any CPU
		{0A1872DF-D101-4D5A-8EA1-41FEF9700D63}.Release|Any CPU.ActiveCfg = Release|Any CPU
		{0A1872DF-D101-4D5A-8EA1-41FEF9700D63}.Release|Any CPU.Build.0 = Release|Any CPU
		{0EF90729-1B96-4836-A829-D03163A2A906}.Debug|Any CPU.ActiveCfg = Debug|Any CPU
		{0EF90729-1B96-4836-A829-D03163A2A906}.Debug|Any CPU.Build.0 = Debug|Any CPU
		{0EF90729-1B96-4836-A829-D03163A2A906}.Release|Any CPU.ActiveCfg = Release|Any CPU
		{0EF90729-1B96-4836-A829-D03163A2A906}.Release|Any CPU.Build.0 = Release|Any CPU
		{20102731-1D75-4952-8BC2-4008FCEF41B6}.Debug|Any CPU.ActiveCfg = Debug|Any CPU
		{20102731-1D75-4952-8BC2-4008FCEF41B6}.Debug|Any CPU.Build.0 = Debug|Any CPU
		{20102731-1D75-4952-8BC2-4008FCEF41B6}.Release|Any CPU.ActiveCfg = Release|Any CPU
		{20102731-1D75-4952-8BC2-4008FCEF41B6}.Release|Any CPU.Build.0 = Release|Any CPU
		{80835D3C-E847-4EF1-88F0-D3723536B4DC}.Debug|Any CPU.ActiveCfg = Debug|Any CPU
		{80835D3C-E847-4EF1-88F0-D3723536B4DC}.Debug|Any CPU.Build.0 = Debug|Any CPU
		{80835D3C-E847-4EF1-88F0-D3723536B4DC}.Release|Any CPU.ActiveCfg = Release|Any CPU
		{80835D3C-E847-4EF1-88F0-D3723536B4DC}.Release|Any CPU.Build.0 = Release|Any CPU
	EndGlobalSection
	GlobalSection(SolutionProperties) = preSolution
		HideSolutionNode = FALSE
	EndGlobalSection
EndGlobal
